
Microsoft Visual Studio Solution File, Format Version 12.00
# Visual Studio Version 17
VisualStudioVersion = 17.8.34511.84
MinimumVisualStudioVersion = 10.0.40219.1
Project("{FAE04EC0-301F-11D3-BF4B-00C04F79EFBC}") = "_08022024LibraryAplication_HobbyProject", "_08022024LibraryAplication_HobbyProject\_08022024LibraryAplication_HobbyProject.csproj", "{D388722C-D800-4298-ABD5-39E72CD828E1}"
EndProject
Global
	GlobalSection(SolutionConfigurationPlatforms) = preSolution
		Debug|Any CPU = Debug|Any CPU
		Release|Any CPU = Release|Any CPU
	EndGlobalSection
	GlobalSection(ProjectConfigurationPlatforms) = postSolution
		{D388722C-D800-4298-ABD5-39E72CD828E1}.Debug|Any CPU.ActiveCfg = Debug|Any CPU
		{D388722C-D800-4298-ABD5-39E72CD828E1}.Debug|Any CPU.Build.0 = Debug|Any CPU
		{D388722C-D800-4298-ABD5-39E72CD828E1}.Release|Any CPU.ActiveCfg = Release|Any CPU
		{D388722C-D800-4298-ABD5-39E72CD828E1}.Release|Any CPU.Build.0 = Release|Any CPU
	EndGlobalSection
	GlobalSection(SolutionProperties) = preSolution
		HideSolutionNode = FALSE
	EndGlobalSection
	GlobalSection(ExtensibilityGlobals) = postSolution
		SolutionGuid = {2B059D7C-2329-4693-A69E-605416A7C68B}
	EndGlobalSection
EndGlobal
